
Microsoft Visual Studio Solution File, Format Version 12.00
# Visual Studio Version 16
VisualStudioVersion = 16.0.30503.244
MinimumVisualStudioVersion = 10.0.40219.1
Project("{9A19103F-16F7-4668-BE54-9A1E7A4F7556}") = "LazyCreator.Cli", "LazyCreator.Cli\LazyCreator.Cli.csproj", "{582120D5-E000-4A6A-8E3B-8EE2E530DDE1}"
EndProject
Project("{9A19103F-16F7-4668-BE54-9A1E7A4F7556}") = "LazyCreator.Commands", "LazyCreator.Commands\LazyCreator.Commands.csproj", "{9C382D55-F34F-4B19-8BE0-90EB9276510F}"
EndProject
Project("{9A19103F-16F7-4668-BE54-9A1E7A4F7556}") = "LazyCreator.Interpreters", "LazyCreator.Interpreters\LazyCreator.Interpreters.csproj", "{3B89BD91-80AC-4EB0-9E20-488CC02C56EA}"
EndProject
Project("{9A19103F-16F7-4668-BE54-9A1E7A4F7556}") = "LazyCreator.Engines", "LazyCreator.Engine\LazyCreator.Engines.csproj", "{BBD5C12A-272A-4FC8-B60D-039AD6295AD3}"
EndProject
Project("{9A19103F-16F7-4668-BE54-9A1E7A4F7556}") = "LazyCreator.Desktop", "LazyCreator.Desktop\LazyCreator.Desktop.csproj", "{D0BB6075-40BB-43DA-9E78-F09E0512C31A}"
EndProject
Global
	GlobalSection(SolutionConfigurationPlatforms) = preSolution
		Debug|Any CPU = Debug|Any CPU
		Release|Any CPU = Release|Any CPU
	EndGlobalSection
	GlobalSection(ProjectConfigurationPlatforms) = postSolution
		{582120D5-E000-4A6A-8E3B-8EE2E530DDE1}.Debug|Any CPU.ActiveCfg = Debug|Any CPU
		{582120D5-E000-4A6A-8E3B-8EE2E530DDE1}.Debug|Any CPU.Build.0 = Debug|Any CPU
		{582120D5-E000-4A6A-8E3B-8EE2E530DDE1}.Release|Any CPU.ActiveCfg = Release|Any CPU
		{582120D5-E000-4A6A-8E3B-8EE2E530DDE1}.Release|Any CPU.Build.0 = Release|Any CPU
		{9C382D55-F34F-4B19-8BE0-90EB9276510F}.Debug|Any CPU.ActiveCfg = Debug|Any CPU
		{9C382D55-F34F-4B19-8BE0-90EB9276510F}.Debug|Any CPU.Build.0 = Debug|Any CPU
		{9C382D55-F34F-4B19-8BE0-90EB9276510F}.Release|Any CPU.ActiveCfg = Release|Any CPU
		{9C382D55-F34F-4B19-8BE0-90EB9276510F}.Release|Any CPU.Build.0 = Release|Any CPU
		{3B89BD91-80AC-4EB0-9E20-488CC02C56EA}.Debug|Any CPU.ActiveCfg = Debug|Any CPU
		{3B89BD91-80AC-4EB0-9E20-488CC02C56EA}.Debug|Any CPU.Build.0 = Debug|Any CPU
		{3B89BD91-80AC-4EB0-9E20-488CC02C56EA}.Release|Any CPU.ActiveCfg = Release|Any CPU
		{3B89BD91-80AC-4EB0-9E20-488CC02C56EA}.Release|Any CPU.Build.0 = Release|Any CPU
		{BBD5C12A-272A-4FC8-B60D-039AD6295AD3}.Debug|Any CPU.ActiveCfg = Debug|Any CPU
		{BBD5C12A-272A-4FC8-B60D-039AD6295AD3}.Debug|Any CPU.Build.0 = Debug|Any CPU
		{BBD5C12A-272A-4FC8-B60D-039AD6295AD3}.Release|Any CPU.ActiveCfg = Release|Any CPU
		{BBD5C12A-272A-4FC8-B60D-039AD6295AD3}.Release|Any CPU.Build.0 = Release|Any CPU
		{D0BB6075-40BB-43DA-9E78-F09E0512C31A}.Debug|Any CPU.ActiveCfg = Debug|Any CPU
		{D0BB6075-40BB-43DA-9E78-F09E0512C31A}.Debug|Any CPU.Build.0 = Debug|Any CPU
		{D0BB6075-40BB-43DA-9E78-F09E0512C31A}.Release|Any CPU.ActiveCfg = Release|Any CPU
		{D0BB6075-40BB-43DA-9E78-F09E0512C31A}.Release|Any CPU.Build.0 = Release|Any CPU
	EndGlobalSection
	GlobalSection(SolutionProperties) = preSolution
		HideSolutionNode = FALSE
	EndGlobalSection
	GlobalSection(ExtensibilityGlobals) = postSolution
		SolutionGuid = {4B60C53A-0009-4F20-AED7-27C7D221F2F7}
	EndGlobalSection
EndGlobal
